{
  "name": "cap-snowflake-e2e-fixture",
  "lockfileVersion": 3,
  "requires": true,
  "packages": {
    "": {
      "name": "cap-snowflake-e2e-fixture",
      "dependencies": {
        "cap-snowflake": "file:../../.."
      }
    },
    "../../..": {
      "version": "1.0.0",
      "license": "Apache-2.0",
      "dependencies": {
        "@sap/cds": ">=7.0.0",
        "jsonwebtoken": "^9.0.2",
        "snowflake-sdk": "^1.11.0"
      },
      "bin": {
        "cap-snowflake-deploy": "dist/cli/deploy.js",
        "cap-snowflake-import": "dist/cli/import-schema.js"
      },
      "devDependencies": {
        "@cap-js/cds-test": "^0.4.1",
        "@cap-js/cds-types": "^0.15.0",
        "@cap-js/db-service": "^2.9.0",
        "@types/chai": "^5.2.3",
        "@types/jsonwebtoken": "^9.0.5",
        "@types/mocha": "^10.0.10",
        "@types/node": "^20.0.0",
        "@typescript-eslint/eslint-plugin": "^6.0.0",
        "@typescript-eslint/parser": "^6.0.0",
        "chai": "^4.3.10",
        "eslint": "^8.0.0",
        "mocha": "^10.2.0",
        "tsx": "^4.7.0",
        "typescript": "^5.3.0"
      },
      "engines": {
        "node": ">=18.0.0"
      },
      "peerDependencies": {
        "@sap/cds": ">=7.0.0"
      }
    },
    "node_modules/cap-snowflake": {
      "resolved": "../../..",
      "link": true
    }
  }
}
